
Microsoft Visual Studio Solution File, Format Version 12.00
# Visual Studio Version 17
VisualStudioVersion = 17.4.33122.133
MinimumVisualStudioVersion = 10.0.40219.1
Project("{FAE04EC0-301F-11D3-BF4B-00C04F79EFBC}") = "JWT_WebAPI", "JWT_WebAPI\JWT_WebAPI.csproj", "{B9AD280B-A761-4868-ACC6-1567A9E49861}"
EndProject
Global
	GlobalSection(SolutionConfigurationPlatforms) = preSolution
		Debug|Any CPU = Debug|Any CPU
		Release|Any CPU = Release|Any CPU
	EndGlobalSection
	GlobalSection(ProjectConfigurationPlatforms) = postSolution
		{B9AD280B-A761-4868-ACC6-1567A9E49861}.Debug|Any CPU.ActiveCfg = Debug|Any CPU
		{B9AD280B-A761-4868-ACC6-1567A9E49861}.Debug|Any CPU.Build.0 = Debug|Any CPU
		{B9AD280B-A761-4868-ACC6-1567A9E49861}.Release|Any CPU.ActiveCfg = Release|Any CPU
		{B9AD280B-A761-4868-ACC6-1567A9E49861}.Release|Any CPU.Build.0 = Release|Any CPU
	EndGlobalSection
	GlobalSection(SolutionProperties) = preSolution
		HideSolutionNode = FALSE
	EndGlobalSection
	GlobalSection(ExtensibilityGlobals) = postSolution
		SolutionGuid = {7D9DBAE0-CD3A-45BE-9BBC-15F7A0416AD8}
	EndGlobalSection
EndGlobal
